// !$*UTF8*$!
{
	archiveVersion = 1;
	classes = {
	};
	objectVersion = 46;
	objects = {

/* Begin PBXBuildFile section */
		250B14761B8C484C0077D7EA /* tick.png in Resources */ = {isa = PBXBuildFile; fileRef = 250B14751B8C484C0077D7EA /* tick.png */; };
		25544C471B874C1900B8FBE0 /* FieldTableViewCell.m in Sources */ = {isa = PBXBuildFile; fileRef = 25544C191B874C1900B8FBE0 /* FieldTableViewCell.m */; };
		25544C481B874C1900B8FBE0 /* PJBoolField.m in Sources */ = {isa = PBXBuildFile; fileRef = 25544C1B1B874C1900B8FBE0 /* PJBoolField.m */; };
		25544C491B874C1900B8FBE0 /* PJBoolField.xib in Resources */ = {isa = PBXBuildFile; fileRef = 25544C1C1B874C1900B8FBE0 /* PJBoolField.xib */; };
		25544C4A1B874C1900B8FBE0 /* PJDatePicker.m in Sources */ = {isa = PBXBuildFile; fileRef = 25544C1E1B874C1900B8FBE0 /* PJDatePicker.m */; };
		25544C4B1B874C1900B8FBE0 /* PJDatePicker.xib in Resources */ = {isa = PBXBuildFile; fileRef = 25544C1F1B874C1900B8FBE0 /* PJDatePicker.xib */; };
		25544C4C1B874C1900B8FBE0 /* PJDescription.m in Sources */ = {isa = PBXBuildFile; fileRef = 25544C211B874C1900B8FBE0 /* PJDescription.m */; };
		25544C4D1B874C1900B8FBE0 /* PJDescription.xib in Resources */ = {isa = PBXBuildFile; fileRef = 25544C221B874C1900B8FBE0 /* PJDescription.xib */; };
		25544C4E1B874C1900B8FBE0 /* PJListField.m in Sources */ = {isa = PBXBuildFile; fileRef = 25544C241B874C1900B8FBE0 /* PJListField.m */; };
		25544C4F1B874C1900B8FBE0 /* PJListField.xib in Resources */ = {isa = PBXBuildFile; fileRef = 25544C251B874C1900B8FBE0 /* PJListField.xib */; };
		25544C501B874C1900B8FBE0 /* PJListItemCell.m in Sources */ = {isa = PBXBuildFile; fileRef = 25544C271B874C1900B8FBE0 /* PJListItemCell.m */; };
		25544C511B874C1900B8FBE0 /* PJListItemCell.xib in Resources */ = {isa = PBXBuildFile; fileRef = 25544C281B874C1900B8FBE0 /* PJListItemCell.xib */; };
		25544C521B874C1900B8FBE0 /* PJSubmitCell.m in Sources */ = {isa = PBXBuildFile; fileRef = 25544C2A1B874C1900B8FBE0 /* PJSubmitCell.m */; };
		25544C531B874C1900B8FBE0 /* PJSubmitCell.xib in Resources */ = {isa = PBXBuildFile; fileRef = 25544C2B1B874C1900B8FBE0 /* PJSubmitCell.xib */; };
		25544C541B874C1900B8FBE0 /* PJTextField.m in Sources */ = {isa = PBXBuildFile; fileRef = 25544C2D1B874C1900B8FBE0 /* PJTextField.m */; };
		25544C551B874C1900B8FBE0 /* PJTextField.xib in Resources */ = {isa = PBXBuildFile; fileRef = 25544C2E1B874C1900B8FBE0 /* PJTextField.xib */; };
		25544C561B874C1900B8FBE0 /* PJConstants.m in Sources */ = {isa = PBXBuildFile; fileRef = 25544C321B874C1900B8FBE0 /* PJConstants.m */; };
		25544C571B874C1900B8FBE0 /* UIViewController+BackButtonHandler.m in Sources */ = {isa = PBXBuildFile; fileRef = 25544C361B874C1900B8FBE0 /* UIViewController+BackButtonHandler.m */; };
		25544C591B874C1900B8FBE0 /* FieldTableView.m in Sources */ = {isa = PBXBuildFile; fileRef = 25544C3C1B874C1900B8FBE0 /* FieldTableView.m */; };
		25544C5A1B874C1900B8FBE0 /* DescriptionViewController.m in Sources */ = {isa = PBXBuildFile; fileRef = 25544C3F1B874C1900B8FBE0 /* DescriptionViewController.m */; };
		25544C5B1B874C1900B8FBE0 /* DescriptionViewController.xib in Resources */ = {isa = PBXBuildFile; fileRef = 25544C401B874C1900B8FBE0 /* DescriptionViewController.xib */; };
		25544C5C1B874C1900B8FBE0 /* FieldsViewController.m in Sources */ = {isa = PBXBuildFile; fileRef = 25544C421B874C1900B8FBE0 /* FieldsViewController.m */; };
		25544C5D1B874C1900B8FBE0 /* FieldsViewController.xib in Resources */ = {isa = PBXBuildFile; fileRef = 25544C431B874C1900B8FBE0 /* FieldsViewController.xib */; };
		25544C5E1B874C1900B8FBE0 /* PJListViewController.m in Sources */ = {isa = PBXBuildFile; fileRef = 25544C451B874C1900B8FBE0 /* PJListViewController.m */; };
		25544C5F1B874C1900B8FBE0 /* PJListViewController.xib in Resources */ = {isa = PBXBuildFile; fileRef = 25544C461B874C1900B8FBE0 /* PJListViewController.xib */; };
		25A4BDD71B8494AC006FEB71 /* main.m in Sources */ = {isa = PBXBuildFile; fileRef = 25A4BDD61B8494AC006FEB71 /* main.m */; };
		25A4BDDA1B8494AC006FEB71 /* AppDelegate.m in Sources */ = {isa = PBXBuildFile; fileRef = 25A4BDD91B8494AC006FEB71 /* AppDelegate.m */; };
		25A4BDDD1B8494AC006FEB71 /* DynamicForm.xcdatamodeld in Sources */ = {isa = PBXBuildFile; fileRef = 25A4BDDB1B8494AC006FEB71 /* DynamicForm.xcdatamodeld */; };
		25A4BDE31B8494AC006FEB71 /* Main.storyboard in Resources */ = {isa = PBXBuildFile; fileRef = 25A4BDE11B8494AC006FEB71 /* Main.storyboard */; };
		25A4BDE51B8494AC006FEB71 /* Images.xcassets in Resources */ = {isa = PBXBuildFile; fileRef = 25A4BDE41B8494AC006FEB71 /* Images.xcassets */; };
		25A4BDE81B8494AC006FEB71 /* LaunchScreen.xib in Resources */ = {isa = PBXBuildFile; fileRef = 25A4BDE61B8494AC006FEB71 /* LaunchScreen.xib */; };
		25A4BDF41B8494AD006FEB71 /* DynamicFormTests.m in Sources */ = {isa = PBXBuildFile; fileRef = 25A4BDF31B8494AD006FEB71 /* DynamicFormTests.m */; };
		25A4BE411B84A645006FEB71 /* ViewController.m in Sources */ = {isa = PBXBuildFile; fileRef = 25A4BE401B84A645006FEB71 /* ViewController.m */; };
		DE60E13318C50312C09E4133 /* libPods-DynamicForm.a in Frameworks */ = {isa = PBXBuildFile; fileRef = DA5B372A741DB6259BB09D06 /* libPods-DynamicForm.a */; };
/* End PBXBuildFile section */

/* Begin PBXContainerItemProxy section */
		25A4BDEE1B8494AD006FEB71 /* PBXContainerItemProxy */ = {
			isa = PBXContainerItemProxy;
			containerPortal = 25A4BDC91B8494AC006FEB71 /* Project object */;
			proxyType = 1;
			remoteGlobalIDString = 25A4BDD01B8494AC006FEB71;
			remoteInfo = DynamicForm;
		};
/* End PBXContainerItemProxy section */

/* Begin PBXFileReference section */
		250B14751B8C484C0077D7EA /* tick.png */ = {isa = PBXFileReference; lastKnownFileType = image.png; path = tick.png; sourceTree = "<group>"; };
		25544C181B874C1900B8FBE0 /* FieldTableViewCell.h */ = {isa = PBXFileReference; fileEncoding = 4; lastKnownFileType = sourcecode.c.h; path = FieldTableViewCell.h; sourceTree = "<group>"; };
		25544C191B874C1900B8FBE0 /* FieldTableViewCell.m */ = {isa = PBXFileReference; fileEncoding = 4; lastKnownFileType = sourcecode.c.objc; path = FieldTableViewCell.m; sourceTree = "<group>"; };
		25544C1A1B874C1900B8FBE0 /* PJBoolField.h */ = {isa = PBXFileReference; fileEncoding = 4; lastKnownFileType = sourcecode.c.h; path = PJBoolField.h; sourceTree = "<group>"; };
		25544C1B1B874C1900B8FBE0 /* PJBoolField.m */ = {isa = PBXFileReference; fileEncoding = 4; lastKnownFileType = sourcecode.c.objc; path = PJBoolField.m; sourceTree = "<group>"; };
		25544C1C1B874C1900B8FBE0 /* PJBoolField.xib */ = {isa = PBXFileReference; fileEncoding = 4; lastKnownFileType = file.xib; path = PJBoolField.xib; sourceTree = "<group>"; };
		25544C1D1B874C1900B8FBE0 /* PJDatePicker.h */ = {isa = PBXFileReference; fileEncoding = 4; lastKnownFileType = sourcecode.c.h; path = PJDatePicker.h; sourceTree = "<group>"; };
		25544C1E1B874C1900B8FBE0 /* PJDatePicker.m */ = {isa = PBXFileReference; fileEncoding = 4; lastKnownFileType = sourcecode.c.objc; path = PJDatePicker.m; sourceTree = "<group>"; };
		25544C1F1B874C1900B8FBE0 /* PJDatePicker.xib */ = {isa = PBXFileReference; fileEncoding = 4; lastKnownFileType = file.xib; path = PJDatePicker.xib; sourceTree = "<group>"; };
		25544C201B874C1900B8FBE0 /* PJDescription.h */ = {isa = PBXFileReference; fileEncoding = 4; lastKnownFileType = sourcecode.c.h; path = PJDescription.h; sourceTree = "<group>"; };
		25544C211B874C1900B8FBE0 /* PJDescription.m */ = {isa = PBXFileReference; fileEncoding = 4; lastKnownFileType = sourcecode.c.objc; path = PJDescription.m; sourceTree = "<group>"; };
		25544C221B874C1900B8FBE0 /* PJDescription.xib */ = {isa = PBXFileReference; fileEncoding = 4; lastKnownFileType = file.xib; path = PJDescription.xib; sourceTree = "<group>"; };
		25544C231B874C1900B8FBE0 /* PJListField.h */ = {isa = PBXFileReference; fileEncoding = 4; lastKnownFileType = sourcecode.c.h; path = PJListField.h; sourceTree = "<group>"; };
		25544C241B874C1900B8FBE0 /* PJListField.m */ = {isa = PBXFileReference; fileEncoding = 4; lastKnownFileType = sourcecode.c.objc; path = PJListField.m; sourceTree = "<group>"; };
		25544C251B874C1900B8FBE0 /* PJListField.xib */ = {isa = PBXFileReference; fileEncoding = 4; lastKnownFileType = file.xib; path = PJListField.xib; sourceTree = "<group>"; };
		25544C261B874C1900B8FBE0 /* PJListItemCell.h */ = {isa = PBXFileReference; fileEncoding = 4; lastKnownFileType = sourcecode.c.h; name = PJListItemCell.h; path = ../Cells/PJListItemCell.h; sourceTree = "<group>"; };
		25544C271B874C1900B8FBE0 /* PJListItemCell.m */ = {isa = PBXFileReference; fileEncoding = 4; lastKnownFileType = sourcecode.c.objc; name = PJListItemCell.m; path = ../Cells/PJListItemCell.m; sourceTree = "<group>"; };
		25544C281B874C1900B8FBE0 /* PJListItemCell.xib */ = {isa = PBXFileReference; fileEncoding = 4; lastKnownFileType = file.xib; name = PJListItemCell.xib; path = ../Cells/PJListItemCell.xib; sourceTree = "<group>"; };
		25544C291B874C1900B8FBE0 /* PJSubmitCell.h */ = {isa = PBXFileReference; fileEncoding = 4; lastKnownFileType = sourcecode.c.h; path = PJSubmitCell.h; sourceTree = "<group>"; };
		25544C2A1B874C1900B8FBE0 /* PJSubmitCell.m */ = {isa = PBXFileReference; fileEncoding = 4; lastKnownFileType = sourcecode.c.objc; path = PJSubmitCell.m; sourceTree = "<group>"; };
		25544C2B1B874C1900B8FBE0 /* PJSubmitCell.xib */ = {isa = PBXFileReference; fileEncoding = 4; lastKnownFileType = file.xib; path = PJSubmitCell.xib; sourceTree = "<group>"; };
		25544C2C1B874C1900B8FBE0 /* PJTextField.h */ = {isa = PBXFileReference; fileEncoding = 4; lastKnownFileType = sourcecode.c.h; path = PJTextField.h; sourceTree = "<group>"; };
		25544C2D1B874C1900B8FBE0 /* PJTextField.m */ = {isa = PBXFileReference; fileEncoding = 4; lastKnownFileType = sourcecode.c.objc; path = PJTextField.m; sourceTree = "<group>"; };
		25544C2E1B874C1900B8FBE0 /* PJTextField.xib */ = {isa = PBXFileReference; fileEncoding = 4; lastKnownFileType = file.xib; path = PJTextField.xib; sourceTree = "<group>"; };
		25544C301B874C1900B8FBE0 /* PJConfig.h */ = {isa = PBXFileReference; fileEncoding = 4; lastKnownFileType = sourcecode.c.h; path = PJConfig.h; sourceTree = "<group>"; };
		25544C311B874C1900B8FBE0 /* PJConstants.h */ = {isa = PBXFileReference; fileEncoding = 4; lastKnownFileType = sourcecode.c.h; path = PJConstants.h; sourceTree = "<group>"; };
		25544C321B874C1900B8FBE0 /* PJConstants.m */ = {isa = PBXFileReference; fileEncoding = 4; lastKnownFileType = sourcecode.c.objc; path = PJConstants.m; sourceTree = "<group>"; };
		25544C331B874C1900B8FBE0 /* PJDynamicForm.h */ = {isa = PBXFileReference; fileEncoding = 4; lastKnownFileType = sourcecode.c.h; path = PJDynamicForm.h; sourceTree = "<group>"; };
		25544C351B874C1900B8FBE0 /* UIViewController+BackButtonHandler.h */ = {isa = PBXFileReference; fileEncoding = 4; lastKnownFileType = sourcecode.c.h; path = "UIViewController+BackButtonHandler.h"; sourceTree = "<group>"; };
		25544C361B874C1900B8FBE0 /* UIViewController+BackButtonHandler.m */ = {isa = PBXFileReference; fileEncoding = 4; lastKnownFileType = sourcecode.c.objc; path = "UIViewController+BackButtonHandler.m"; sourceTree = "<group>"; };
		25544C3B1B874C1900B8FBE0 /* FieldTableView.h */ = {isa = PBXFileReference; fileEncoding = 4; lastKnownFileType = sourcecode.c.h; path = FieldTableView.h; sourceTree = "<group>"; };
		25544C3C1B874C1900B8FBE0 /* FieldTableView.m */ = {isa = PBXFileReference; fileEncoding = 4; lastKnownFileType = sourcecode.c.objc; path = FieldTableView.m; sourceTree = "<group>"; };
		25544C3E1B874C1900B8FBE0 /* DescriptionViewController.h */ = {isa = PBXFileReference; fileEncoding = 4; lastKnownFileType = sourcecode.c.h; path = DescriptionViewController.h; sourceTree = "<group>"; };
		25544C3F1B874C1900B8FBE0 /* DescriptionViewController.m */ = {isa = PBXFileReference; fileEncoding = 4; lastKnownFileType = sourcecode.c.objc; path = DescriptionViewController.m; sourceTree = "<group>"; };
		25544C401B874C1900B8FBE0 /* DescriptionViewController.xib */ = {isa = PBXFileReference; fileEncoding = 4; lastKnownFileType = file.xib; path = DescriptionViewController.xib; sourceTree = "<group>"; };
		25544C411B874C1900B8FBE0 /* FieldsViewController.h */ = {isa = PBXFileReference; fileEncoding = 4; lastKnownFileType = sourcecode.c.h; path = FieldsViewController.h; sourceTree = "<group>"; };
		25544C421B874C1900B8FBE0 /* FieldsViewController.m */ = {isa = PBXFileReference; fileEncoding = 4; lastKnownFileType = sourcecode.c.objc; path = FieldsViewController.m; sourceTree = "<group>"; };
		25544C431B874C1900B8FBE0 /* FieldsViewController.xib */ = {isa = PBXFileReference; fileEncoding = 4; lastKnownFileType = file.xib; path = FieldsViewController.xib; sourceTree = "<group>"; };
		25544C441B874C1900B8FBE0 /* PJListViewController.h */ = {isa = PBXFileReference; fileEncoding = 4; lastKnownFileType = sourcecode.c.h; path = PJListViewController.h; sourceTree = "<group>"; };
		25544C451B874C1900B8FBE0 /* PJListViewController.m */ = {isa = PBXFileReference; fileEncoding = 4; lastKnownFileType = sourcecode.c.objc; path = PJListViewController.m; sourceTree = "<group>"; };
		25544C461B874C1900B8FBE0 /* PJListViewController.xib */ = {isa = PBXFileReference; fileEncoding = 4; lastKnownFileType = file.xib; path = PJListViewController.xib; sourceTree = "<group>"; };
		25A4BDD11B8494AC006FEB71 /* DynamicForm.app */ = {isa = PBXFileReference; explicitFileType = wrapper.application; includeInIndex = 0; path = DynamicForm.app; sourceTree = BUILT_PRODUCTS_DIR; };
		25A4BDD51B8494AC006FEB71 /* Info.plist */ = {isa = PBXFileReference; lastKnownFileType = text.plist.xml; path = Info.plist; sourceTree = "<group>"; };
		25A4BDD61B8494AC006FEB71 /* main.m */ = {isa = PBXFileReference; lastKnownFileType = sourcecode.c.objc; path = main.m; sourceTree = "<group>"; };
		25A4BDD81B8494AC006FEB71 /* AppDelegate.h */ = {isa = PBXFileReference; lastKnownFileType = sourcecode.c.h; path = AppDelegate.h; sourceTree = "<group>"; };
		25A4BDD91B8494AC006FEB71 /* AppDelegate.m */ = {isa = PBXFileReference; lastKnownFileType = sourcecode.c.objc; path = AppDelegate.m; sourceTree = "<group>"; };
		25A4BDDC1B8494AC006FEB71 /* DynamicForm.xcdatamodel */ = {isa = PBXFileReference; lastKnownFileType = wrapper.xcdatamodel; path = DynamicForm.xcdatamodel; sourceTree = "<group>"; };
		25A4BDE21B8494AC006FEB71 /* Base */ = {isa = PBXFileReference; lastKnownFileType = file.storyboard; name = Base; path = Base.lproj/Main.storyboard; sourceTree = "<group>"; };
		25A4BDE41B8494AC006FEB71 /* Images.xcassets */ = {isa = PBXFileReference; lastKnownFileType = folder.assetcatalog; path = Images.xcassets; sourceTree = "<group>"; };
		25A4BDE71B8494AC006FEB71 /* Base */ = {isa = PBXFileReference; lastKnownFileType = file.xib; name = Base; path = Base.lproj/LaunchScreen.xib; sourceTree = "<group>"; };
		25A4BDED1B8494AD006FEB71 /* DynamicFormTests.xctest */ = {isa = PBXFileReference; explicitFileType = wrapper.cfbundle; includeInIndex = 0; path = DynamicFormTests.xctest; sourceTree = BUILT_PRODUCTS_DIR; };
		25A4BDF21B8494AD006FEB71 /* Info.plist */ = {isa = PBXFileReference; lastKnownFileType = text.plist.xml; path = Info.plist; sourceTree = "<group>"; };
		25A4BDF31B8494AD006FEB71 /* DynamicFormTests.m */ = {isa = PBXFileReference; lastKnownFileType = sourcecode.c.objc; path = DynamicFormTests.m; sourceTree = "<group>"; };
		25A4BE3F1B84A644006FEB71 /* ViewController.h */ = {isa = PBXFileReference; fileEncoding = 4; lastKnownFileType = sourcecode.c.h; name = ViewController.h; path = DynamicForm/ViewController.h; sourceTree = "<group>"; };
		25A4BE401B84A645006FEB71 /* ViewController.m */ = {isa = PBXFileReference; fileEncoding = 4; lastKnownFileType = sourcecode.c.objc; name = ViewController.m; path = DynamicForm/ViewController.m; sourceTree = "<group>"; };
		DA5B372A741DB6259BB09D06 /* libPods-DynamicForm.a */ = {isa = PBXFileReference; explicitFileType = archive.ar; includeInIndex = 0; path = "libPods-DynamicForm.a"; sourceTree = BUILT_PRODUCTS_DIR; };
		DD5260945C3E6787BB4A4C1D /* Pods-DynamicForm.debug.xcconfig */ = {isa = PBXFileReference; includeInIndex = 1; lastKnownFileType = text.xcconfig; name = "Pods-DynamicForm.debug.xcconfig"; path = "Pods/Target Support Files/Pods-DynamicForm/Pods-DynamicForm.debug.xcconfig"; sourceTree = "<group>"; };
		EB4EBFDE2348EA40E924D9EB /* Pods-DynamicForm.release.xcconfig */ = {isa = PBXFileReference; includeInIndex = 1; lastKnownFileType = text.xcconfig; name = "Pods-DynamicForm.release.xcconfig"; path = "Pods/Target Support Files/Pods-DynamicForm/Pods-DynamicForm.release.xcconfig"; sourceTree = "<group>"; };
/* End PBXFileReference section */

/* Begin PBXFrameworksBuildPhase section */
		25A4BDCE1B8494AC006FEB71 /* Frameworks */ = {
			isa = PBXFrameworksBuildPhase;
			buildActionMask = 2147483647;
			files = (
				DE60E13318C50312C09E4133 /* libPods-DynamicForm.a in Frameworks */,
			);
			runOnlyForDeploymentPostprocessing = 0;
		};
		25A4BDEA1B8494AD006FEB71 /* Frameworks */ = {
			isa = PBXFrameworksBuildPhase;
			buildActionMask = 2147483647;
			files = (
			);
			runOnlyForDeploymentPostprocessing = 0;
		};
/* End PBXFrameworksBuildPhase section */

/* Begin PBXGroup section */
		0FB3DB9E95CC62DA1B1635E1 /* Pods */ = {
			isa = PBXGroup;
			children = (
				DD5260945C3E6787BB4A4C1D /* Pods-DynamicForm.debug.xcconfig */,
				EB4EBFDE2348EA40E924D9EB /* Pods-DynamicForm.release.xcconfig */,
			);
			name = Pods;
			sourceTree = "<group>";
		};
		250B146C1B8C302D0077D7EA /* BoolField */ = {
			isa = PBXGroup;
			children = (
				25544C1A1B874C1900B8FBE0 /* PJBoolField.h */,
				25544C1B1B874C1900B8FBE0 /* PJBoolField.m */,
				25544C1C1B874C1900B8FBE0 /* PJBoolField.xib */,
			);
			name = BoolField;
			sourceTree = "<group>";
		};
		250B146D1B8C30330077D7EA /* DatePicker */ = {
			isa = PBXGroup;
			children = (
				25544C1D1B874C1900B8FBE0 /* PJDatePicker.h */,
				25544C1E1B874C1900B8FBE0 /* PJDatePicker.m */,
				25544C1F1B874C1900B8FBE0 /* PJDatePicker.xib */,
			);
			name = DatePicker;
			sourceTree = "<group>";
		};
		250B146E1B8C30390077D7EA /* Description */ = {
			isa = PBXGroup;
			children = (
				25544C201B874C1900B8FBE0 /* PJDescription.h */,
				25544C211B874C1900B8FBE0 /* PJDescription.m */,
				25544C221B874C1900B8FBE0 /* PJDescription.xib */,
			);
			name = Description;
			sourceTree = "<group>";
		};
		250B146F1B8C30420077D7EA /* ListField */ = {
			isa = PBXGroup;
			children = (
				25544C231B874C1900B8FBE0 /* PJListField.h */,
				25544C241B874C1900B8FBE0 /* PJListField.m */,
				25544C251B874C1900B8FBE0 /* PJListField.xib */,
			);
			name = ListField;
			sourceTree = "<group>";
		};
		250B14701B8C304A0077D7EA /* TextField */ = {
			isa = PBXGroup;
			children = (
				25544C2C1B874C1900B8FBE0 /* PJTextField.h */,
				25544C2D1B874C1900B8FBE0 /* PJTextField.m */,
				25544C2E1B874C1900B8FBE0 /* PJTextField.xib */,
			);
			name = TextField;
			sourceTree = "<group>";
		};
		250B14711B8C304F0077D7EA /* SubmitCell */ = {
			isa = PBXGroup;
			children = (
				25544C291B874C1900B8FBE0 /* PJSubmitCell.h */,
				25544C2A1B874C1900B8FBE0 /* PJSubmitCell.m */,
				25544C2B1B874C1900B8FBE0 /* PJSubmitCell.xib */,
			);
			name = SubmitCell;
			sourceTree = "<group>";
		};
		250B14721B8C30600077D7EA /* PJListViewController */ = {
			isa = PBXGroup;
			children = (
				25544C441B874C1900B8FBE0 /* PJListViewController.h */,
				25544C451B874C1900B8FBE0 /* PJListViewController.m */,
				250B14751B8C484C0077D7EA /* tick.png */,
				25544C461B874C1900B8FBE0 /* PJListViewController.xib */,
				25544C261B874C1900B8FBE0 /* PJListItemCell.h */,
				25544C271B874C1900B8FBE0 /* PJListItemCell.m */,
				25544C281B874C1900B8FBE0 /* PJListItemCell.xib */,
			);
			name = PJListViewController;
			sourceTree = "<group>";
		};
		250B14731B8C30690077D7EA /* FieldsViewController */ = {
			isa = PBXGroup;
			children = (
				25544C411B874C1900B8FBE0 /* FieldsViewController.h */,
				25544C421B874C1900B8FBE0 /* FieldsViewController.m */,
				25544C431B874C1900B8FBE0 /* FieldsViewController.xib */,
			);
			name = FieldsViewController;
			sourceTree = "<group>";
		};
		250B14741B8C30700077D7EA /* DescriptionViewController */ = {
			isa = PBXGroup;
			children = (
				25544C3E1B874C1900B8FBE0 /* DescriptionViewController.h */,
				25544C3F1B874C1900B8FBE0 /* DescriptionViewController.m */,
				25544C401B874C1900B8FBE0 /* DescriptionViewController.xib */,
			);
			name = DescriptionViewController;
			sourceTree = "<group>";
		};
		25544C161B874C1900B8FBE0 /* PJDynamicForm */ = {
			isa = PBXGroup;
			children = (
				25544C171B874C1900B8FBE0 /* Cells */,
				25544C2F1B874C1900B8FBE0 /* Globals */,
				25544C341B874C1900B8FBE0 /* Libraries */,
				25544C371B874C1900B8FBE0 /* Model */,
				25544C3A1B874C1900B8FBE0 /* TableView */,
				25544C3D1B874C1900B8FBE0 /* ViewControllers */,
			);
			path = PJDynamicForm;
			sourceTree = "<group>";
		};
		25544C171B874C1900B8FBE0 /* Cells */ = {
			isa = PBXGroup;
			children = (
				25544C181B874C1900B8FBE0 /* FieldTableViewCell.h */,
				25544C191B874C1900B8FBE0 /* FieldTableViewCell.m */,
				250B146C1B8C302D0077D7EA /* BoolField */,
				250B146D1B8C30330077D7EA /* DatePicker */,
				250B146E1B8C30390077D7EA /* Description */,
				250B146F1B8C30420077D7EA /* ListField */,
				250B14711B8C304F0077D7EA /* SubmitCell */,
				250B14701B8C304A0077D7EA /* TextField */,
			);
			path = Cells;
			sourceTree = "<group>";
		};
		25544C2F1B874C1900B8FBE0 /* Globals */ = {
			isa = PBXGroup;
			children = (
				25544C301B874C1900B8FBE0 /* PJConfig.h */,
				25544C311B874C1900B8FBE0 /* PJConstants.h */,
				25544C321B874C1900B8FBE0 /* PJConstants.m */,
				25544C331B874C1900B8FBE0 /* PJDynamicForm.h */,
			);
			path = Globals;
			sourceTree = "<group>";
		};
		25544C341B874C1900B8FBE0 /* Libraries */ = {
			isa = PBXGroup;
			children = (
				25544C351B874C1900B8FBE0 /* UIViewController+BackButtonHandler.h */,
				25544C361B874C1900B8FBE0 /* UIViewController+BackButtonHandler.m */,
			);
			path = Libraries;
			sourceTree = "<group>";
		};
		25544C371B874C1900B8FBE0 /* Model */ = {
			isa = PBXGroup;
			children = (
			);
			path = Model;
			sourceTree = "<group>";
		};
		25544C3A1B874C1900B8FBE0 /* TableView */ = {
			isa = PBXGroup;
			children = (
				25544C3B1B874C1900B8FBE0 /* FieldTableView.h */,
				25544C3C1B874C1900B8FBE0 /* FieldTableView.m */,
			);
			path = TableView;
			sourceTree = "<group>";
		};
		25544C3D1B874C1900B8FBE0 /* ViewControllers */ = {
			isa = PBXGroup;
			children = (
				250B14731B8C30690077D7EA /* FieldsViewController */,
				250B14741B8C30700077D7EA /* DescriptionViewController */,
				250B14721B8C30600077D7EA /* PJListViewController */,
			);
			path = ViewControllers;
			sourceTree = "<group>";
		};
		25A4BDC81B8494AC006FEB71 = {
			isa = PBXGroup;
			children = (
				25A4BE3F1B84A644006FEB71 /* ViewController.h */,
				25A4BE401B84A645006FEB71 /* ViewController.m */,
				25A4BDD31B8494AC006FEB71 /* DynamicForm */,
				25A4BDF01B8494AD006FEB71 /* DynamicFormTests */,
				25A4BDD21B8494AC006FEB71 /* Products */,
				0FB3DB9E95CC62DA1B1635E1 /* Pods */,
				32027C12D618A7D99DEA4EEF /* Frameworks */,
			);
			sourceTree = "<group>";
		};
		25A4BDD21B8494AC006FEB71 /* Products */ = {
			isa = PBXGroup;
			children = (
				25A4BDD11B8494AC006FEB71 /* DynamicForm.app */,
				25A4BDED1B8494AD006FEB71 /* DynamicFormTests.xctest */,
			);
			name = Products;
			sourceTree = "<group>";
		};
		25A4BDD31B8494AC006FEB71 /* DynamicForm */ = {
			isa = PBXGroup;
			children = (
				25544C161B874C1900B8FBE0 /* PJDynamicForm */,
				25A4BDD81B8494AC006FEB71 /* AppDelegate.h */,
				25A4BDD91B8494AC006FEB71 /* AppDelegate.m */,
				25A4BDE11B8494AC006FEB71 /* Main.storyboard */,
				25A4BDE41B8494AC006FEB71 /* Images.xcassets */,
				25A4BDE61B8494AC006FEB71 /* LaunchScreen.xib */,
				25A4BDDB1B8494AC006FEB71 /* DynamicForm.xcdatamodeld */,
				25A4BDD41B8494AC006FEB71 /* Supporting Files */,
			);
			path = DynamicForm;
			sourceTree = "<group>";
		};
		25A4BDD41B8494AC006FEB71 /* Supporting Files */ = {
			isa = PBXGroup;
			children = (
				25A4BDD51B8494AC006FEB71 /* Info.plist */,
				25A4BDD61B8494AC006FEB71 /* main.m */,
			);
			name = "Supporting Files";
			sourceTree = "<group>";
		};
		25A4BDF01B8494AD006FEB71 /* DynamicFormTests */ = {
			isa = PBXGroup;
			children = (
				25A4BDF31B8494AD006FEB71 /* DynamicFormTests.m */,
				25A4BDF11B8494AD006FEB71 /* Supporting Files */,
			);
			path = DynamicFormTests;
			sourceTree = "<group>";
		};
		25A4BDF11B8494AD006FEB71 /* Supporting Files */ = {
			isa = PBXGroup;
			children = (
				25A4BDF21B8494AD006FEB71 /* Info.plist */,
			);
			name = "Supporting Files";
			sourceTree = "<group>";
		};
		32027C12D618A7D99DEA4EEF /* Frameworks */ = {
			isa = PBXGroup;
			children = (
				DA5B372A741DB6259BB09D06 /* libPods-DynamicForm.a */,
			);
			name = Frameworks;
			sourceTree = "<group>";
		};
/* End PBXGroup section */

/* Begin PBXNativeTarget section */
		25A4BDD01B8494AC006FEB71 /* DynamicForm */ = {
			isa = PBXNativeTarget;
			buildConfigurationList = 25A4BDF71B8494AD006FEB71 /* Build configuration list for PBXNativeTarget "DynamicForm" */;
			buildPhases = (
				B84BEF9F4574305E80859B69 /* Check Pods Manifest.lock */,
				25A4BDCD1B8494AC006FEB71 /* Sources */,
				25A4BDCE1B8494AC006FEB71 /* Frameworks */,
				25A4BDCF1B8494AC006FEB71 /* Resources */,
				0227441BB7014841F5A975D8 /* Copy Pods Resources */,
			);
			buildRules = (
			);
			dependencies = (
			);
			name = DynamicForm;
			productName = DynamicForm;
			productReference = 25A4BDD11B8494AC006FEB71 /* DynamicForm.app */;
			productType = "com.apple.product-type.application";
		};
		25A4BDEC1B8494AD006FEB71 /* DynamicFormTests */ = {
			isa = PBXNativeTarget;
			buildConfigurationList = 25A4BDFA1B8494AD006FEB71 /* Build configuration list for PBXNativeTarget "DynamicFormTests" */;
			buildPhases = (
				25A4BDE91B8494AD006FEB71 /* Sources */,
				25A4BDEA1B8494AD006FEB71 /* Frameworks */,
				25A4BDEB1B8494AD006FEB71 /* Resources */,
			);
			buildRules = (
			);
			dependencies = (
				25A4BDEF1B8494AD006FEB71 /* PBXTargetDependency */,
			);
			name = DynamicFormTests;
			productName = DynamicFormTests;
			productReference = 25A4BDED1B8494AD006FEB71 /* DynamicFormTests.xctest */;
			productType = "com.apple.product-type.bundle.unit-test";
		};
/* End PBXNativeTarget section */

/* Begin PBXProject section */
		25A4BDC91B8494AC006FEB71 /* Project object */ = {
			isa = PBXProject;
			attributes = {
				LastUpgradeCheck = 0700;
				ORGANIZATIONNAME = "EK Solutions Pvt Ltd";
				TargetAttributes = {
					25A4BDD01B8494AC006FEB71 = {
						CreatedOnToolsVersion = 6.4;
					};
					25A4BDEC1B8494AD006FEB71 = {
						CreatedOnToolsVersion = 6.4;
						TestTargetID = 25A4BDD01B8494AC006FEB71;
					};
				};
			};
			buildConfigurationList = 25A4BDCC1B8494AC006FEB71 /* Build configuration list for PBXProject "DynamicForm" */;
			compatibilityVersion = "Xcode 3.2";
			developmentRegion = English;
			hasScannedForEncodings = 0;
			knownRegions = (
				en,
				Base,
			);
			mainGroup = 25A4BDC81B8494AC006FEB71;
			productRefGroup = 25A4BDD21B8494AC006FEB71 /* Products */;
			projectDirPath = "";
			projectRoot = "";
			targets = (
				25A4BDD01B8494AC006FEB71 /* DynamicForm */,
				25A4BDEC1B8494AD006FEB71 /* DynamicFormTests */,
			);
		};
/* End PBXProject section */

/* Begin PBXResourcesBuildPhase section */
		25A4BDCF1B8494AC006FEB71 /* Resources */ = {
			isa = PBXResourcesBuildPhase;
			buildActionMask = 2147483647;
			files = (
				25544C511B874C1900B8FBE0 /* PJListItemCell.xib in Resources */,
				25544C551B874C1900B8FBE0 /* PJTextField.xib in Resources */,
				25A4BDE31B8494AC006FEB71 /* Main.storyboard in Resources */,
				25A4BDE81B8494AC006FEB71 /* LaunchScreen.xib in Resources */,
				250B14761B8C484C0077D7EA /* tick.png in Resources */,
				25544C4F1B874C1900B8FBE0 /* PJListField.xib in Resources */,
				25544C4D1B874C1900B8FBE0 /* PJDescription.xib in Resources */,
				25544C491B874C1900B8FBE0 /* PJBoolField.xib in Resources */,
				25544C5D1B874C1900B8FBE0 /* FieldsViewController.xib in Resources */,
				25544C531B874C1900B8FBE0 /* PJSubmitCell.xib in Resources */,
				25544C5F1B874C1900B8FBE0 /* PJListViewController.xib in Resources */,
				25A4BDE51B8494AC006FEB71 /* Images.xcassets in Resources */,
				25544C4B1B874C1900B8FBE0 /* PJDatePicker.xib in Resources */,
				25544C5B1B874C1900B8FBE0 /* DescriptionViewController.xib in Resources */,
			);
			runOnlyForDeploymentPostprocessing = 0;
		};
		25A4BDEB1B8494AD006FEB71 /* Resources */ = {
			isa = PBXResourcesBuildPhase;
			buildActionMask = 2147483647;
			files = (
			);
			runOnlyForDeploymentPostprocessing = 0;
		};
/* End PBXResourcesBuildPhase section */

/* Begin PBXShellScriptBuildPhase section */
		0227441BB7014841F5A975D8 /* Copy Pods Resources */ = {
			isa = PBXShellScriptBuildPhase;
			buildActionMask = 2147483647;
			files = (
			);
			inputPaths = (
			);
			name = "Copy Pods Resources";
			outputPaths = (
			);
			runOnlyForDeploymentPostprocessing = 0;
			shellPath = /bin/sh;
			shellScript = "\"${SRCROOT}/Pods/Target Support Files/Pods-DynamicForm/Pods-DynamicForm-resources.sh\"\n";
			showEnvVarsInLog = 0;
		};
		B84BEF9F4574305E80859B69 /* Check Pods Manifest.lock */ = {
			isa = PBXShellScriptBuildPhase;
			buildActionMask = 2147483647;
			files = (
			);
			inputPaths = (
			);
			name = "Check Pods Manifest.lock";
			outputPaths = (
			);
			runOnlyForDeploymentPostprocessing = 0;
			shellPath = /bin/sh;
			shellScript = "diff \"${PODS_ROOT}/../Podfile.lock\" \"${PODS_ROOT}/Manifest.lock\" > /dev/null\nif [[ $? != 0 ]] ; then\n    cat << EOM\nerror: The sandbox is not in sync with the Podfile.lock. Run 'pod install' or update your CocoaPods installation.\nEOM\n    exit 1\nfi\n";
			showEnvVarsInLog = 0;
		};
/* End PBXShellScriptBuildPhase section */

/* Begin PBXSourcesBuildPhase section */
		25A4BDCD1B8494AC006FEB71 /* Sources */ = {
			isa = PBXSourcesBuildPhase;
			buildActionMask = 2147483647;
			files = (
				25544C571B874C1900B8FBE0 /* UIViewController+BackButtonHandler.m in Sources */,
				25544C5E1B874C1900B8FBE0 /* PJListViewController.m in Sources */,
				25544C501B874C1900B8FBE0 /* PJListItemCell.m in Sources */,
				25544C591B874C1900B8FBE0 /* FieldTableView.m in Sources */,
				25544C5C1B874C1900B8FBE0 /* FieldsViewController.m in Sources */,
				25544C4E1B874C1900B8FBE0 /* PJListField.m in Sources */,
				25544C4C1B874C1900B8FBE0 /* PJDescription.m in Sources */,
				25544C5A1B874C1900B8FBE0 /* DescriptionViewController.m in Sources */,
				25A4BDDA1B8494AC006FEB71 /* AppDelegate.m in Sources */,
				25544C521B874C1900B8FBE0 /* PJSubmitCell.m in Sources */,
				25A4BDDD1B8494AC006FEB71 /* DynamicForm.xcdatamodeld in Sources */,
				25544C471B874C1900B8FBE0 /* FieldTableViewCell.m in Sources */,
				25A4BE411B84A645006FEB71 /* ViewController.m in Sources */,
				25544C481B874C1900B8FBE0 /* PJBoolField.m in Sources */,
				25544C561B874C1900B8FBE0 /* PJConstants.m in Sources */,
				25544C4A1B874C1900B8FBE0 /* PJDatePicker.m in Sources */,
				25A4BDD71B8494AC006FEB71 /* main.m in Sources */,
				25544C541B874C1900B8FBE0 /* PJTextField.m in Sources */,
			);
			runOnlyForDeploymentPostprocessing = 0;
		};
		25A4BDE91B8494AD006FEB71 /* Sources */ = {
			isa = PBXSourcesBuildPhase;
			buildActionMask = 2147483647;
			files = (
				25A4BDF41B8494AD006FEB71 /* DynamicFormTests.m in Sources */,
			);
			runOnlyForDeploymentPostprocessing = 0;
		};
/* End PBXSourcesBuildPhase section */

/* Begin PBXTargetDependency section */
		25A4BDEF1B8494AD006FEB71 /* PBXTargetDependency */ = {
			isa = PBXTargetDependency;
			target = 25A4BDD01B8494AC006FEB71 /* DynamicForm */;
			targetProxy = 25A4BDEE1B8494AD006FEB71 /* PBXContainerItemProxy */;
		};
/* End PBXTargetDependency section */

/* Begin PBXVariantGroup section */
		25A4BDE11B8494AC006FEB71 /* Main.storyboard */ = {
			isa = PBXVariantGroup;
			children = (
				25A4BDE21B8494AC006FEB71 /* Base */,
			);
			name = Main.storyboard;
			sourceTree = "<group>";
		};
		25A4BDE61B8494AC006FEB71 /* LaunchScreen.xib */ = {
			isa = PBXVariantGroup;
			children = (
				25A4BDE71B8494AC006FEB71 /* Base */,
			);
			name = LaunchScreen.xib;
			sourceTree = "<group>";
		};
/* End PBXVariantGroup section */

/* Begin XCBuildConfiguration section */
		25A4BDF51B8494AD006FEB71 /* Debug */ = {
			isa = XCBuildConfiguration;
			buildSettings = {
				ALWAYS_SEARCH_USER_PATHS = NO;
				CLANG_CXX_LANGUAGE_STANDARD = "gnu++0x";
				CLANG_CXX_LIBRARY = "libc++";
				CLANG_ENABLE_MODULES = YES;
				CLANG_ENABLE_OBJC_ARC = YES;
				CLANG_WARN_BOOL_CONVERSION = YES;
				CLANG_WARN_CONSTANT_CONVERSION = YES;
				CLANG_WARN_DIRECT_OBJC_ISA_USAGE = YES_ERROR;
				CLANG_WARN_EMPTY_BODY = YES;
				CLANG_WARN_ENUM_CONVERSION = YES;
				CLANG_WARN_INT_CONVERSION = YES;
				CLANG_WARN_OBJC_ROOT_CLASS = YES_ERROR;
				CLANG_WARN_UNREACHABLE_CODE = YES;
				CLANG_WARN__DUPLICATE_METHOD_MATCH = YES;
				"CODE_SIGN_IDENTITY[sdk=iphoneos*]" = "iPhone Developer";
				COPY_PHASE_STRIP = NO;
				DEBUG_INFORMATION_FORMAT = "dwarf-with-dsym";
				ENABLE_STRICT_OBJC_MSGSEND = YES;
				ENABLE_TESTABILITY = YES;
				GCC_C_LANGUAGE_STANDARD = gnu99;
				GCC_DYNAMIC_NO_PIC = NO;
				GCC_NO_COMMON_BLOCKS = YES;
				GCC_OPTIMIZATION_LEVEL = 0;
				GCC_PREPROCESSOR_DEFINITIONS = (
					"DEBUG=1",
					"$(inherited)",
				);
				GCC_SYMBOLS_PRIVATE_EXTERN = NO;
				GCC_WARN_64_TO_32_BIT_CONVERSION = YES;
				GCC_WARN_ABOUT_RETURN_TYPE = YES_ERROR;
				GCC_WARN_UNDECLARED_SELECTOR = YES;
				GCC_WARN_UNINITIALIZED_AUTOS = YES_AGGRESSIVE;
				GCC_WARN_UNUSED_FUNCTION = YES;
				GCC_WARN_UNUSED_VARIABLE = YES;
				IPHONEOS_DEPLOYMENT_TARGET = 7.1;
				MTL_ENABLE_DEBUG_INFO = YES;
				ONLY_ACTIVE_ARCH = YES;
				SDKROOT = iphoneos;
				TARGETED_DEVICE_FAMILY = "1,2";
			};
			name = Debug;
		};
		25A4BDF61B8494AD006FEB71 /* Release */ = {
			isa = XCBuildConfiguration;
			buildSettings = {
				ALWAYS_SEARCH_USER_PATHS = NO;
				CLANG_CXX_LANGUAGE_STANDARD = "gnu++0x";
				CLANG_CXX_LIBRARY = "libc++";
				CLANG_ENABLE_MODULES = YES;
				CLANG_ENABLE_OBJC_ARC = YES;
				CLANG_WARN_BOOL_CONVERSION = YES;
				CLANG_WARN_CONSTANT_CONVERSION = YES;
				CLANG_WARN_DIRECT_OBJC_ISA_USAGE = YES_ERROR;
				CLANG_WARN_EMPTY_BODY = YES;
				CLANG_WARN_ENUM_CONVERSION = YES;
				CLANG_WARN_INT_CONVERSION = YES;
				CLANG_WARN_OBJC_ROOT_CLASS = YES_ERROR;
				CLANG_WARN_UNREACHABLE_CODE = YES;
				CLANG_WARN__DUPLICATE_METHOD_MATCH = YES;
				"CODE_SIGN_IDENTITY[sdk=iphoneos*]" = "iPhone Developer";
				COPY_PHASE_STRIP = NO;
				DEBUG_INFORMATION_FORMAT = "dwarf-with-dsym";
				ENABLE_NS_ASSERTIONS = NO;
				ENABLE_STRICT_OBJC_MSGSEND = YES;
				GCC_C_LANGUAGE_STANDARD = gnu99;
				GCC_NO_COMMON_BLOCKS = YES;
				GCC_WARN_64_TO_32_BIT_CONVERSION = YES;
				GCC_WARN_ABOUT_RETURN_TYPE = YES_ERROR;
				GCC_WARN_UNDECLARED_SELECTOR = YES;
				GCC_WARN_UNINITIALIZED_AUTOS = YES_AGGRESSIVE;
				GCC_WARN_UNUSED_FUNCTION = YES;
				GCC_WARN_UNUSED_VARIABLE = YES;
				IPHONEOS_DEPLOYMENT_TARGET = 7.1;
				MTL_ENABLE_DEBUG_INFO = NO;
				SDKROOT = iphoneos;
				TARGETED_DEVICE_FAMILY = "1,2";
				VALIDATE_PRODUCT = YES;
			};
			name = Release;
		};
		25A4BDF81B8494AD006FEB71 /* Debug */ = {
			isa = XCBuildConfiguration;
			baseConfigurationReference = DD5260945C3E6787BB4A4C1D /* Pods-DynamicForm.debug.xcconfig */;
			buildSettings = {
				ASSETCATALOG_COMPILER_APPICON_NAME = AppIcon;
				INFOPLIST_FILE = DynamicForm/Info.plist;
				LD_RUNPATH_SEARCH_PATHS = "$(inherited) @executable_path/Frameworks";
				PRODUCT_BUNDLE_IDENTIFIER = "EKBANA.$(PRODUCT_NAME:rfc1034identifier)";
				PRODUCT_NAME = "$(TARGET_NAME)";
			};
			name = Debug;
		};
		25A4BDF91B8494AD006FEB71 /* Release */ = {
			isa = XCBuildConfiguration;
			baseConfigurationReference = EB4EBFDE2348EA40E924D9EB /* Pods-DynamicForm.release.xcconfig */;
			buildSettings = {
				ASSETCATALOG_COMPILER_APPICON_NAME = AppIcon;
				INFOPLIST_FILE = DynamicForm/Info.plist;
				LD_RUNPATH_SEARCH_PATHS = "$(inherited) @executable_path/Frameworks";
				PRODUCT_BUNDLE_IDENTIFIER = "EKBANA.$(PRODUCT_NAME:rfc1034identifier)";
				PRODUCT_NAME = "$(TARGET_NAME)";
			};
			name = Release;
		};
		25A4BDFB1B8494AD006FEB71 /* Debug */ = {
			isa = XCBuildConfiguration;
			buildSettings = {
				BUNDLE_LOADER = "$(TEST_HOST)";
				FRAMEWORK_SEARCH_PATHS = (
					"$(SDKROOT)/Developer/Library/Frameworks",
					"$(inherited)",
				);
				GCC_PREPROCESSOR_DEFINITIONS = (
					"DEBUG=1",
					"$(inherited)",
				);
				INFOPLIST_FILE = DynamicFormTests/Info.plist;
				LD_RUNPATH_SEARCH_PATHS = "$(inherited) @executable_path/Frameworks @loader_path/Frameworks";
				PRODUCT_BUNDLE_IDENTIFIER = "EKBANA.$(PRODUCT_NAME:rfc1034identifier)";
				PRODUCT_NAME = "$(TARGET_NAME)";
				TEST_HOST = "$(BUILT_PRODUCTS_DIR)/DynamicForm.app/DynamicForm";
			};
			name = Debug;
		};
		25A4BDFC1B8494AD006FEB71 /* Release */ = {
			isa = XCBuildConfiguration;
			buildSettings = {
				BUNDLE_LOADER = "$(TEST_HOST)";
				FRAMEWORK_SEARCH_PATHS = (
					"$(SDKROOT)/Developer/Library/Frameworks",
					"$(inherited)",
				);
				INFOPLIST_FILE = DynamicFormTests/Info.plist;
				LD_RUNPATH_SEARCH_PATHS = "$(inherited) @executable_path/Frameworks @loader_path/Frameworks";
				PRODUCT_BUNDLE_IDENTIFIER = "EKBANA.$(PRODUCT_NAME:rfc1034identifier)";
				PRODUCT_NAME = "$(TARGET_NAME)";
				TEST_HOST = "$(BUILT_PRODUCTS_DIR)/DynamicForm.app/DynamicForm";
			};
			name = Release;
		};
/* End XCBuildConfiguration section */

/* Begin XCConfigurationList section */
		25A4BDCC1B8494AC006FEB71 /* Build configuration list for PBXProject "DynamicForm" */ = {
			isa = XCConfigurationList;
			buildConfigurations = (
				25A4BDF51B8494AD006FEB71 /* Debug */,
				25A4BDF61B8494AD006FEB71 /* Release */,
			);
			defaultConfigurationIsVisible = 0;
			defaultConfigurationName = Release;
		};
		25A4BDF71B8494AD006FEB71 /* Build configuration list for PBXNativeTarget "DynamicForm" */ = {
			isa = XCConfigurationList;
			buildConfigurations = (
				25A4BDF81B8494AD006FEB71 /* Debug */,
				25A4BDF91B8494AD006FEB71 /* Release */,
			);
			defaultConfigurationIsVisible = 0;
			defaultConfigurationName = Release;
		};
		25A4BDFA1B8494AD006FEB71 /* Build configuration list for PBXNativeTarget "DynamicFormTests" */ = {
			isa = XCConfigurationList;
			buildConfigurations = (
				25A4BDFB1B8494AD006FEB71 /* Debug */,
				25A4BDFC1B8494AD006FEB71 /* Release */,
			);
			defaultConfigurationIsVisible = 0;
			defaultConfigurationName = Release;
		};
/* End XCConfigurationList section */

/* Begin XCVersionGroup section */
		25A4BDDB1B8494AC006FEB71 /* DynamicForm.xcdatamodeld */ = {
			isa = XCVersionGroup;
			children = (
				25A4BDDC1B8494AC006FEB71 /* DynamicForm.xcdatamodel */,
			);
			currentVersion = 25A4BDDC1B8494AC006FEB71 /* DynamicForm.xcdatamodel */;
			path = DynamicForm.xcdatamodeld;
			sourceTree = "<group>";
			versionGroupType = wrapper.xcdatamodel;
		};
/* End XCVersionGroup section */
	};
	rootObject = 25A4BDC91B8494AC006FEB71 /* Project object */;
}
